<?xml version="1.0" encoding="UTF-8" standalone="yes" ?>
<CodeBlocks_project_file>
	<FileVersion major="1" minor="6" />
	<Project>
		<Option title="TrabFinal_FCG" />
		<Option pch_mode="2" />
		<Option compiler="gcc" />
		<Build>
			<Target title="Debug">
				<Option output="bin/Debug/TrabFinal_FCG" prefix_auto="1" extension_auto="1" />
				<Option working_dir="bin/Debug/" />
				<Option object_output="obj/Debug/" />
				<Option type="1" />
				<Option compiler="gcc" />
				<Compiler>
					<Add option="-g" />
				</Compiler>
				<Linker>
					<Add option="lib-mingw-32\libglfw3.a -lgdi32 -lopengl32" />
				</Linker>
			</Target>
			<Target title="Release">
				<Option output="bin/Release/TrabFinal_FCG" prefix_auto="1" extension_auto="1" />
				<Option working_dir="bin/Release/" />
				<Option object_output="obj/Release/" />
				<Option type="1" />
				<Option compiler="gcc" />
				<Compiler>
					<Add option="-O2" />
				</Compiler>
				<Linker>
					<Add option="-s" />
					<Add option="lib-mingw-32\libglfw3.a -lgdi32 -lopengl32" />
				</Linker>
			</Target>
			<Target title="Debug (CBlocks 17.12 32-bit)">
				<Option output="bin/Debug/main" prefix_auto="1" extension_auto="1" />
				<Option working_dir="bin/Debug/" />
				<Option object_output="obj/Debug/" />
				<Option type="1" />
				<Option compiler="gcc" />
				<Compiler>
					<Add option="-Wall" />
					<Add option="-std=c++11" />
					<Add option="-g" />
				</Compiler>
				<Linker>
					<Add option="lib-mingw-32\libglfw3.a -lgdi32 -lopengl32" />
				</Linker>
			</Target>
			<Target title="Release (CBlocks 17.12 32-bit)">
				<Option output="bin/Release/main" prefix_auto="1" extension_auto="1" />
				<Option working_dir="bin/Release/" />
				<Option object_output="obj/Release/" />
				<Option type="1" />
				<Option compiler="gcc" />
				<Compiler>
					<Add option="-O2" />
					<Add option="-Wall" />
					<Add option="-std=c++11" />
				</Compiler>
				<Linker>
					<Add option="-s" />
					<Add option="lib-mingw-32\libglfw3.a -lgdi32 -lopengl32" />
				</Linker>
			</Target>
		</Build>
		<Compiler>
			<Add option="-Wall" />
			<Add option="-std=c++11" />
			<Add directory="include" />
		</Compiler>
		<Linker>
			<Add option="lib\libglfw3.a -lgdi32 -lopengl32" />
			<Add directory="lib" />
		</Linker>
		<Unit filename="Objects.h" />
		<Unit filename="include/collisions.h" />
		<Unit filename="src/collisions.cpp" />
		<Unit filename="src/glad.c">
			<Option compilerVar="CC" />
		</Unit>
		<Unit filename="src/main.cpp" />
		<Unit filename="src/shader_fragment.glsl" />
		<Unit filename="src/shader_vertex.glsl" />
		<Unit filename="src/stb_image.cpp" />
		<Unit filename="src/textrendering.cpp" />
		<Unit filename="src/tiny_obj_loader.cpp" />
		<Extensions>
			<code_completion />
			<envvars />
			<debugger />
		</Extensions>
	</Project>
</CodeBlocks_project_file>
